
Microsoft Visual Studio Solution File, Format Version 12.00
# Visual Studio Version 16
VisualStudioVersion = 16.0.32228.547
MinimumVisualStudioVersion = 10.0.40219.1
Project("{FAE04EC0-301F-11D3-BF4B-00C04F79EFBC}") = "Destroy Object", "Destroy Object\Destroy Object.csproj", "{515C4FA4-C6A3-4E1C-8EB9-64172F8DB0DF}"
EndProject
Global
	GlobalSection(SolutionConfigurationPlatforms) = preSolution
		Debug|Any CPU = Debug|Any CPU
		Release|Any CPU = Release|Any CPU
	EndGlobalSection
	GlobalSection(ProjectConfigurationPlatforms) = postSolution
		{515C4FA4-C6A3-4E1C-8EB9-64172F8DB0DF}.Debug|Any CPU.ActiveCfg = Debug|Any CPU
		{515C4FA4-C6A3-4E1C-8EB9-64172F8DB0DF}.Debug|Any CPU.Build.0 = Debug|Any CPU
		{515C4FA4-C6A3-4E1C-8EB9-64172F8DB0DF}.Release|Any CPU.ActiveCfg = Release|Any CPU
		{515C4FA4-C6A3-4E1C-8EB9-64172F8DB0DF}.Release|Any CPU.Build.0 = Release|Any CPU
	EndGlobalSection
	GlobalSection(SolutionProperties) = preSolution
		HideSolutionNode = FALSE
	EndGlobalSection
	GlobalSection(ExtensibilityGlobals) = postSolution
		SolutionGuid = {03604098-47D8-4B0F-9AF8-50C6DB130879}
	EndGlobalSection
EndGlobal
